
Microsoft Visual Studio Solution File, Format Version 12.00
# Visual Studio 2013
VisualStudioVersion = 12.0.40629.0
MinimumVisualStudioVersion = 10.0.40219.1
Project("{FAE04EC0-301F-11D3-BF4B-00C04F79EFBC}") = "Exemplo_ADONet", "Exemplo_ADONet\Exemplo_ADONet.csproj", "{05699AD0-9499-4193-972C-68BCA760CE93}"
EndProject
Project("{2150E333-8FDC-42A3-9474-1A3956D46DE8}") = "Database", "Database", "{F1FD816F-4DDB-449B-B532-D4D5A688DB99}"
	ProjectSection(SolutionItems) = preProject
		..\Database\script.sql = ..\Database\script.sql
	EndProjectSection
EndProject
Global
	GlobalSection(SolutionConfigurationPlatforms) = preSolution
		Debug|Any CPU = Debug|Any CPU
		Release|Any CPU = Release|Any CPU
	EndGlobalSection
	GlobalSection(ProjectConfigurationPlatforms) = postSolution
		{05699AD0-9499-4193-972C-68BCA760CE93}.Debug|Any CPU.ActiveCfg = Debug|Any CPU
		{05699AD0-9499-4193-972C-68BCA760CE93}.Debug|Any CPU.Build.0 = Debug|Any CPU
		{05699AD0-9499-4193-972C-68BCA760CE93}.Release|Any CPU.ActiveCfg = Release|Any CPU
		{05699AD0-9499-4193-972C-68BCA760CE93}.Release|Any CPU.Build.0 = Release|Any CPU
	EndGlobalSection
	GlobalSection(SolutionProperties) = preSolution
		HideSolutionNode = FALSE
	EndGlobalSection
EndGlobal
